
Microsoft Visual Studio Solution File, Format Version 12.00
# Visual Studio Version 17
VisualStudioVersion = 17.4.33213.308
MinimumVisualStudioVersion = 10.0.40219.1
Project("{FAE04EC0-301F-11D3-BF4B-00C04F79EFBC}") = "LoanProject.Web", "LoanProject\LoanProject.Web.csproj", "{788A9460-9196-4598-AC02-2DA461CD3D96}"
EndProject
Project("{FAE04EC0-301F-11D3-BF4B-00C04F79EFBC}") = "LoanProject.Data", "LoanProject.Data\LoanProject.Data.csproj", "{D556AB01-3218-4878-8BDF-E85084A9C4B5}"
EndProject
Project("{FAE04EC0-301F-11D3-BF4B-00C04F79EFBC}") = "LoanProject.Services", "LoanProject.Services\LoanProject.Services.csproj", "{AB4A8843-2EDE-4646-8E2D-52102044E491}"
EndProject
Project("{FAE04EC0-301F-11D3-BF4B-00C04F79EFBC}") = "LoanProject.Repository", "LoanProject.Repository\LoanProject.Repository.csproj", "{15FE988A-0344-4F99-8BE3-7F05AD128A71}"
EndProject
Project("{FAE04EC0-301F-11D3-BF4B-00C04F79EFBC}") = "LoanProject.Test", "LoanProject.Test\LoanProject.Test.csproj", "{461FB555-A536-4479-92FB-0327E1488B45}"
EndProject
Global
	GlobalSection(SolutionConfigurationPlatforms) = preSolution
		Debug|Any CPU = Debug|Any CPU
		Release|Any CPU = Release|Any CPU
	EndGlobalSection
	GlobalSection(ProjectConfigurationPlatforms) = postSolution
		{788A9460-9196-4598-AC02-2DA461CD3D96}.Debug|Any CPU.ActiveCfg = Debug|Any CPU
		{788A9460-9196-4598-AC02-2DA461CD3D96}.Debug|Any CPU.Build.0 = Debug|Any CPU
		{788A9460-9196-4598-AC02-2DA461CD3D96}.Release|Any CPU.ActiveCfg = Release|Any CPU
		{788A9460-9196-4598-AC02-2DA461CD3D96}.Release|Any CPU.Build.0 = Release|Any CPU
		{D556AB01-3218-4878-8BDF-E85084A9C4B5}.Debug|Any CPU.ActiveCfg = Debug|Any CPU
		{D556AB01-3218-4878-8BDF-E85084A9C4B5}.Debug|Any CPU.Build.0 = Debug|Any CPU
		{D556AB01-3218-4878-8BDF-E85084A9C4B5}.Release|Any CPU.ActiveCfg = Release|Any CPU
		{D556AB01-3218-4878-8BDF-E85084A9C4B5}.Release|Any CPU.Build.0 = Release|Any CPU
		{AB4A8843-2EDE-4646-8E2D-52102044E491}.Debug|Any CPU.ActiveCfg = Debug|Any CPU
		{AB4A8843-2EDE-4646-8E2D-52102044E491}.Debug|Any CPU.Build.0 = Debug|Any CPU
		{AB4A8843-2EDE-4646-8E2D-52102044E491}.Release|Any CPU.ActiveCfg = Release|Any CPU
		{AB4A8843-2EDE-4646-8E2D-52102044E491}.Release|Any CPU.Build.0 = Release|Any CPU
		{15FE988A-0344-4F99-8BE3-7F05AD128A71}.Debug|Any CPU.ActiveCfg = Debug|Any CPU
		{15FE988A-0344-4F99-8BE3-7F05AD128A71}.Debug|Any CPU.Build.0 = Debug|Any CPU
		{15FE988A-0344-4F99-8BE3-7F05AD128A71}.Release|Any CPU.ActiveCfg = Release|Any CPU
		{15FE988A-0344-4F99-8BE3-7F05AD128A71}.Release|Any CPU.Build.0 = Release|Any CPU
		{461FB555-A536-4479-92FB-0327E1488B45}.Debug|Any CPU.ActiveCfg = Debug|Any CPU
		{461FB555-A536-4479-92FB-0327E1488B45}.Debug|Any CPU.Build.0 = Debug|Any CPU
		{461FB555-A536-4479-92FB-0327E1488B45}.Release|Any CPU.ActiveCfg = Release|Any CPU
		{461FB555-A536-4479-92FB-0327E1488B45}.Release|Any CPU.Build.0 = Release|Any CPU
	EndGlobalSection
	GlobalSection(SolutionProperties) = preSolution
		HideSolutionNode = FALSE
	EndGlobalSection
	GlobalSection(ExtensibilityGlobals) = postSolution
		SolutionGuid = {1FA32F69-A2D2-4224-B653-FB30BEF3FC3D}
	EndGlobalSection
EndGlobal
